
Microsoft Visual Studio Solution File, Format Version 12.00
# Visual Studio Version 16
VisualStudioVersion = 16.0.29503.13
MinimumVisualStudioVersion = 10.0.40219.1
Project("{FAE04EC0-301F-11D3-BF4B-00C04F79EFBC}") = "Grades", "Grades\Grades.csproj", "{A38F81F2-2428-4A24-9996-14574D12AE02}"
EndProject
Global
	GlobalSection(SolutionConfigurationPlatforms) = preSolution
		Debug|Any CPU = Debug|Any CPU
		Release|Any CPU = Release|Any CPU
	EndGlobalSection
	GlobalSection(ProjectConfigurationPlatforms) = postSolution
		{A38F81F2-2428-4A24-9996-14574D12AE02}.Debug|Any CPU.ActiveCfg = Debug|Any CPU
		{A38F81F2-2428-4A24-9996-14574D12AE02}.Debug|Any CPU.Build.0 = Debug|Any CPU
		{A38F81F2-2428-4A24-9996-14574D12AE02}.Release|Any CPU.ActiveCfg = Release|Any CPU
		{A38F81F2-2428-4A24-9996-14574D12AE02}.Release|Any CPU.Build.0 = Release|Any CPU
	EndGlobalSection
	GlobalSection(SolutionProperties) = preSolution
		HideSolutionNode = FALSE
	EndGlobalSection
	GlobalSection(ExtensibilityGlobals) = postSolution
		SolutionGuid = {E0A1E86A-7813-46EF-BA6A-E5FFEE0E7F3E}
	EndGlobalSection
EndGlobal
